<?xml version="1.0" encoding="utf-8"?>
<Project ToolsVersion="4.0" xmlns="http://schemas.microsoft.com/developer/msbuild/2003">
  <ItemGroup>
    <Filter Include="Source Files">
      <UniqueIdentifier>{f141eeaf-d8ee-4deb-8207-2d0dce8eb68c}</UniqueIdentifier>
      <Extensions>cpp;c;cxx;rc;def;r;odl;idl;hpj;bat</Extensions>
    </Filter>
    <Filter Include="Header Files">
      <UniqueIdentifier>{7ce26be8-8904-402a-8043-8888bc51dd86}</UniqueIdentifier>
      <Extensions>h;hpp;hxx;hm;inl</Extensions>
    </Filter>
    <Filter Include="Resource Files">
      <UniqueIdentifier>{25699ed8-5bc9-460e-9501-da36d21353fe}</UniqueIdentifier>
      <Extensions>ico;cur;bmp;dlg;rc2;rct;bin;rgs;gif;jpg;jpeg;jpe</Extensions>
    </Filter>
    <Filter Include="rtmp">
      <UniqueIdentifier>{859d0431-da46-47d6-873a-d6d4cba1a63c}</UniqueIdentifier>
    </Filter>
  </ItemGroup>
  <ItemGroup>
    <ClCompile Include="DeviceDialog.cpp">
      <Filter>Source Files</Filter>
    </ClCompile>
    <ClCompile Include="DlgFilterHelp.cpp">
      <Filter>Source Files</Filter>
    </ClCompile>
    <ClCompile Include="filterdlg.cpp">
      <Filter>Source Files</Filter>
    </ClCompile>
    <ClCompile Include="helpdialog.cpp">
      <Filter>Source Files</Filter>
    </ClCompile>
    <ClCompile Include="OpenScreenWnd.cpp">
      <Filter>Source Files</Filter>
    </ClCompile>
    <ClCompile Include="Protocol.cpp">
      <Filter>Source Files</Filter>
    </ClCompile>
    <ClCompile Include="Protocolanalysis.cpp">
      <Filter>Source Files</Filter>
    </ClCompile>
    <ClCompile Include="ProtocolanalysisDlg.cpp">
      <Filter>Source Files</Filter>
    </ClCompile>
    <ClCompile Include="sniffer.cpp">
      <Filter>Source Files</Filter>
    </ClCompile>
    <ClCompile Include="StdAfx.cpp">
      <Filter>Source Files</Filter>
    </ClCompile>
    <ClCompile Include="MyAnalysiser.cpp">
      <Filter>Source Files</Filter>
    </ClCompile>
    <ClCompile Include="PortViewer.cpp">
      <Filter>Source Files</Filter>
    </ClCompile>
    <ClCompile Include="GameFilter.cpp">
      <Filter>Source Files</Filter>
    </ClCompile>
    <ClCompile Include="asmfunc.cpp">
      <Filter>Source Files</Filter>
    </ClCompile>
    <ClCompile Include="rtmp\RtmpPacketAggregator.cpp">
      <Filter>rtmp</Filter>
    </ClCompile>
    <ClCompile Include="rtmp\PacketOrderer.cpp">
      <Filter>rtmp</Filter>
    </ClCompile>
    <ClCompile Include="SaveDataDlg.cpp">
      <Filter>Source Files</Filter>
    </ClCompile>
    <ClCompile Include="SearchDlg.cpp">
      <Filter>Source Files</Filter>
    </ClCompile>
    <ClCompile Include="HistoryCombo.cpp">
      <Filter>Source Files</Filter>
    </ClCompile>
  </ItemGroup>
  <ItemGroup>
    <ClInclude Include="sniffer.h">
      <Filter>Source Files</Filter>
    </ClInclude>
    <ClInclude Include="DeviceDialog.h">
      <Filter>Header Files</Filter>
    </ClInclude>
    <ClInclude Include="DlgFilterHelp.h">
      <Filter>Header Files</Filter>
    </ClInclude>
    <ClInclude Include="filterdlg.h">
      <Filter>Header Files</Filter>
    </ClInclude>
    <ClInclude Include="helpdialog.h">
      <Filter>Header Files</Filter>
    </ClInclude>
    <ClInclude Include="OpenScreenWnd.h">
      <Filter>Header Files</Filter>
    </ClInclude>
    <ClInclude Include="Protocol.h">
      <Filter>Header Files</Filter>
    </ClInclude>
    <ClInclude Include="Protocolanalysis.h">
      <Filter>Header Files</Filter>
    </ClInclude>
    <ClInclude Include="ProtocolanalysisDlg.h">
      <Filter>Header Files</Filter>
    </ClInclude>
    <ClInclude Include="Resource.h">
      <Filter>Header Files</Filter>
    </ClInclude>
    <ClInclude Include="StdAfx.h">
      <Filter>Header Files</Filter>
    </ClInclude>
    <ClInclude Include="MyAnalysiser.h">
      <Filter>Header Files</Filter>
    </ClInclude>
    <ClInclude Include="PortViewer.h">
      <Filter>Header Files</Filter>
    </ClInclude>
    <ClInclude Include="asmfunc.h">
      <Filter>Header Files</Filter>
    </ClInclude>
    <ClInclude Include="rtmp\RtmpPacket.h">
      <Filter>rtmp</Filter>
    </ClInclude>
    <ClInclude Include="rtmp\RtmpPacketAggregator.h">
      <Filter>rtmp</Filter>
    </ClInclude>
    <ClInclude Include="rtmp\TcpDefinitions.h">
      <Filter>rtmp</Filter>
    </ClInclude>
    <ClInclude Include="rtmp\TcpPacket.h">
      <Filter>rtmp</Filter>
    </ClInclude>
    <ClInclude Include="rtmp\RtmpPacketTypeManaged.h">
      <Filter>rtmp</Filter>
    </ClInclude>
    <ClInclude Include="rtmp\PacketOrderer.h">
      <Filter>rtmp</Filter>
    </ClInclude>
    <ClInclude Include="SaveDataDlg.h">
      <Filter>Header Files</Filter>
    </ClInclude>
    <ClInclude Include="SearchDlg.h">
      <Filter>Header Files</Filter>
    </ClInclude>
    <ClInclude Include="HistoryCombo.h">
      <Filter>Source Files</Filter>
    </ClInclude>
  </ItemGroup>
  <ItemGroup>
    <ResourceCompile Include="Npcas.rc">
      <Filter>Source Files</Filter>
    </ResourceCompile>
  </ItemGroup>
  <ItemGroup>
    <CustomBuild Include="res\1.ico">
      <Filter>Resource Files</Filter>
    </CustomBuild>
    <CustomBuild Include="res\20120418031703240_easyicon_cn_24.ico">
      <Filter>Resource Files</Filter>
    </CustomBuild>
    <CustomBuild Include="res\20120418033051355_easyicon_cn_16.ico">
      <Filter>Resource Files</Filter>
    </CustomBuild>
    <CustomBuild Include="res\20120418040922659_easyicon_cn_24.ico">
      <Filter>Resource Files</Filter>
    </CustomBuild>
    <CustomBuild Include="res\20120418041543954_easyicon_cn_24.ico">
      <Filter>Resource Files</Filter>
    </CustomBuild>
    <CustomBuild Include="res\213291_090043013_2.bmp">
      <Filter>Resource Files</Filter>
    </CustomBuild>
    <CustomBuild Include="res\_piazico.ico">
      <Filter>Resource Files</Filter>
    </CustomBuild>
    <CustomBuild Include="res\about.bmp">
      <Filter>Resource Files</Filter>
    </CustomBuild>
    <CustomBuild Include="res\Analyzer.ico">
      <Filter>Resource Files</Filter>
    </CustomBuild>
    <CustomBuild Include="res\de.bmp">
      <Filter>Resource Files</Filter>
    </CustomBuild>
    <CustomBuild Include="res\dir.ico">
      <Filter>Resource Files</Filter>
    </CustomBuild>
    <CustomBuild Include="res\GOAL!FIFAWorldCup2006086.ico">
      <Filter>Resource Files</Filter>
    </CustomBuild>
    <CustomBuild Include="res\icon.ico">
      <Filter>Resource Files</Filter>
    </CustomBuild>
    <CustomBuild Include="res\icon8.ico">
      <Filter>Resource Files</Filter>
    </CustomBuild>
    <CustomBuild Include="res\my.bmp">
      <Filter>Resource Files</Filter>
    </CustomBuild>
    <CustomBuild Include="res\oper.ico">
      <Filter>Resource Files</Filter>
    </CustomBuild>
    <CustomBuild Include="res\skin.ico">
      <Filter>Resource Files</Filter>
    </CustomBuild>
    <CustomBuild Include="res\sr.ico">
      <Filter>Resource Files</Filter>
    </CustomBuild>
    <CustomBuild Include="res\sum.ico">
      <Filter>Resource Files</Filter>
    </CustomBuild>
    <CustomBuild Include="res\text.ico">
      <Filter>Resource Files</Filter>
    </CustomBuild>
    <CustomBuild Include="res\Npcas.rc2">
      <Filter>Resource Files</Filter>
    </CustomBuild>
    <CustomBuild Include="ReadMe.txt" />
  </ItemGroup>
</Project>